
Microsoft Visual Studio Solution File, Format Version 12.00
# Visual Studio Version 17
VisualStudioVersion = 17.8.34309.116
MinimumVisualStudioVersion = 10.0.40219.1
Project("{9A19103F-16F7-4668-BE54-9A1E7A4F7556}") = "Library", "Library\Library.csproj", "{AA25399A-C6B5-4B95-9CA5-7BE4C4389F60}"
EndProject
Project("{FAE04EC0-301F-11D3-BF4B-00C04F79EFBC}") = "Solid.Core", "Solid.Core\Solid.Core.csproj", "{7CB9E20B-EA04-4CCF-9F55-D4CDBB34063B}"
EndProject
Project("{FAE04EC0-301F-11D3-BF4B-00C04F79EFBC}") = "Solid.Data", "Solid.Data\Solid.Data.csproj", "{0669ACC3-6F88-4640-9765-A8D1C81750D0}"
EndProject
Project("{FAE04EC0-301F-11D3-BF4B-00C04F79EFBC}") = "Solid.Service", "Solid.Service\Solid.Service.csproj", "{0BC48500-18CB-4995-86CD-429AD0329E74}"
EndProject
Global
	GlobalSection(SolutionConfigurationPlatforms) = preSolution
		Debug|Any CPU = Debug|Any CPU
		Release|Any CPU = Release|Any CPU
	EndGlobalSection
	GlobalSection(ProjectConfigurationPlatforms) = postSolution
		{AA25399A-C6B5-4B95-9CA5-7BE4C4389F60}.Debug|Any CPU.ActiveCfg = Debug|Any CPU
		{AA25399A-C6B5-4B95-9CA5-7BE4C4389F60}.Debug|Any CPU.Build.0 = Debug|Any CPU
		{AA25399A-C6B5-4B95-9CA5-7BE4C4389F60}.Release|Any CPU.ActiveCfg = Release|Any CPU
		{AA25399A-C6B5-4B95-9CA5-7BE4C4389F60}.Release|Any CPU.Build.0 = Release|Any CPU
		{7CB9E20B-EA04-4CCF-9F55-D4CDBB34063B}.Debug|Any CPU.ActiveCfg = Debug|Any CPU
		{7CB9E20B-EA04-4CCF-9F55-D4CDBB34063B}.Debug|Any CPU.Build.0 = Debug|Any CPU
		{7CB9E20B-EA04-4CCF-9F55-D4CDBB34063B}.Release|Any CPU.ActiveCfg = Release|Any CPU
		{7CB9E20B-EA04-4CCF-9F55-D4CDBB34063B}.Release|Any CPU.Build.0 = Release|Any CPU
		{0669ACC3-6F88-4640-9765-A8D1C81750D0}.Debug|Any CPU.ActiveCfg = Debug|Any CPU
		{0669ACC3-6F88-4640-9765-A8D1C81750D0}.Debug|Any CPU.Build.0 = Debug|Any CPU
		{0669ACC3-6F88-4640-9765-A8D1C81750D0}.Release|Any CPU.ActiveCfg = Release|Any CPU
		{0669ACC3-6F88-4640-9765-A8D1C81750D0}.Release|Any CPU.Build.0 = Release|Any CPU
		{0BC48500-18CB-4995-86CD-429AD0329E74}.Debug|Any CPU.ActiveCfg = Debug|Any CPU
		{0BC48500-18CB-4995-86CD-429AD0329E74}.Debug|Any CPU.Build.0 = Debug|Any CPU
		{0BC48500-18CB-4995-86CD-429AD0329E74}.Release|Any CPU.ActiveCfg = Release|Any CPU
		{0BC48500-18CB-4995-86CD-429AD0329E74}.Release|Any CPU.Build.0 = Release|Any CPU
	EndGlobalSection
	GlobalSection(SolutionProperties) = preSolution
		HideSolutionNode = FALSE
	EndGlobalSection
	GlobalSection(ExtensibilityGlobals) = postSolution
		SolutionGuid = {3D725795-CBD2-4031-BED4-EA14E95E9C05}
	EndGlobalSection
EndGlobal
